
Microsoft Visual Studio Solution File, Format Version 12.00
# Visual Studio Version 17
VisualStudioVersion = 17.14.36908.2 d17.14
MinimumVisualStudioVersion = 10.0.40219.1
Project("{FAE04EC0-301F-11D3-BF4B-00C04F79EFBC}") = "3_Calculator", "3_Calculator\3_Calculator.csproj", "{924EA0C3-4888-4CDB-9E09-87DE0CA4DEE3}"
EndProject
Global
	GlobalSection(SolutionConfigurationPlatforms) = preSolution
		Debug|Any CPU = Debug|Any CPU
		Release|Any CPU = Release|Any CPU
	EndGlobalSection
	GlobalSection(ProjectConfigurationPlatforms) = postSolution
		{924EA0C3-4888-4CDB-9E09-87DE0CA4DEE3}.Debug|Any CPU.ActiveCfg = Debug|Any CPU
		{924EA0C3-4888-4CDB-9E09-87DE0CA4DEE3}.Debug|Any CPU.Build.0 = Debug|Any CPU
		{924EA0C3-4888-4CDB-9E09-87DE0CA4DEE3}.Release|Any CPU.ActiveCfg = Release|Any CPU
		{924EA0C3-4888-4CDB-9E09-87DE0CA4DEE3}.Release|Any CPU.Build.0 = Release|Any CPU
	EndGlobalSection
	GlobalSection(SolutionProperties) = preSolution
		HideSolutionNode = FALSE
	EndGlobalSection
	GlobalSection(ExtensibilityGlobals) = postSolution
		SolutionGuid = {06607FB1-D174-4E1C-B4B7-8A09651B154F}
	EndGlobalSection
EndGlobal
